dependencies:
  idf:
    component_hash: null
    source:
      type: idf
    version: 5.2.2
  protocol_examples_common:
    component_hash: null
    source:
      path: D:\SystemFile\EspIDF\Espressif\frameworks\esp-idf-v5.2.2\examples\common_components\protocol_examples_common
      type: local
    version: '*'
manifest_hash: be29bd40ddd822dc7d7b2e4724f6dd3f361159eb34c83a7b44e1df829cc7493a
target: esp32
version: 1.0.0
